
Microsoft Visual Studio Solution File, Format Version 12.00
# Visual Studio Version 16
VisualStudioVersion = 16.0.30523.141
MinimumVisualStudioVersion = 10.0.40219.1
Project("{FAE04EC0-301F-11D3-BF4B-00C04F79EFBC}") = "schoolbelll", "schoolbelll\schoolbelll.csproj", "{2008A58E-52C6-48FC-B692-47AF9C14869C}"
EndProject
Global
	GlobalSection(SolutionConfigurationPlatforms) = preSolution
		Debug|Any CPU = Debug|Any CPU
		Release|Any CPU = Release|Any CPU
	EndGlobalSection
	GlobalSection(ProjectConfigurationPlatforms) = postSolution
		{2008A58E-52C6-48FC-B692-47AF9C14869C}.Debug|Any CPU.ActiveCfg = Debug|Any CPU
		{2008A58E-52C6-48FC-B692-47AF9C14869C}.Debug|Any CPU.Build.0 = Debug|Any CPU
		{2008A58E-52C6-48FC-B692-47AF9C14869C}.Release|Any CPU.ActiveCfg = Release|Any CPU
		{2008A58E-52C6-48FC-B692-47AF9C14869C}.Release|Any CPU.Build.0 = Release|Any CPU
	EndGlobalSection
	GlobalSection(SolutionProperties) = preSolution
		HideSolutionNode = FALSE
	EndGlobalSection
	GlobalSection(ExtensibilityGlobals) = postSolution
		SolutionGuid = {5A1948FF-2AE5-4EEA-B8C2-DE63250B7619}
	EndGlobalSection
EndGlobal
